
Microsoft Visual Studio Solution File, Format Version 12.00
# Visual Studio Version 16
VisualStudioVersion = 16.0.29613.14
MinimumVisualStudioVersion = 10.0.40219.1
Project("{FAE04EC0-301F-11D3-BF4B-00C04F79EFBC}") = "BankManagementSystem", "BankManagementSystem\BankManagementSystem.csproj", "{B49967A8-3DED-482F-B890-683121CE022C}"
EndProject
Global
	GlobalSection(SolutionConfigurationPlatforms) = preSolution
		Debug|Any CPU = Debug|Any CPU
		Release|Any CPU = Release|Any CPU
	EndGlobalSection
	GlobalSection(ProjectConfigurationPlatforms) = postSolution
		{B49967A8-3DED-482F-B890-683121CE022C}.Debug|Any CPU.ActiveCfg = Debug|Any CPU
		{B49967A8-3DED-482F-B890-683121CE022C}.Debug|Any CPU.Build.0 = Debug|Any CPU
		{B49967A8-3DED-482F-B890-683121CE022C}.Release|Any CPU.ActiveCfg = Release|Any CPU
		{B49967A8-3DED-482F-B890-683121CE022C}.Release|Any CPU.Build.0 = Release|Any CPU
	EndGlobalSection
	GlobalSection(SolutionProperties) = preSolution
		HideSolutionNode = FALSE
	EndGlobalSection
	GlobalSection(ExtensibilityGlobals) = postSolution
		SolutionGuid = {CC47FC42-DE2C-4216-A570-256E21EDF8AC}
	EndGlobalSection
EndGlobal
